{
  "lockfileVersion": 1,
  "workspaces": {
    "": {
      "dependencies": {
        "webextension-polyfill": "^0.12.0",
      },
      "devDependencies": {
        "@types/webextension-polyfill": "^0.12.4",
      },
    },
  },
  "packages": {
    "@types/webextension-polyfill": ["@types/webextension-polyfill@0.12.4", "", {}, "sha512-wK8YdSI0pDiaehSLDIvtvonYmLwUUivg4Z6JCJO8rkyssMAG82cFJgwPK/V7NO61mJBLg/tXeoXQL8AFzpXZmQ=="],

    "webextension-polyfill": ["webextension-polyfill@0.12.0", "", {}, "sha512-97TBmpoWJEE+3nFBQ4VocyCdLKfw54rFaJ6EVQYLBCXqCIpLSZkwGgASpv4oPt9gdKCJ80RJlcmNzNn008Ag6Q=="],
  }
}
