{
  "lockfileVersion": 1,
  "configVersion": 1,
  "workspaces": {
    "": {
      "dependencies": {
        "webextension-polyfill": "^0.12.0",
      },
      "devDependencies": {
        "@types/webextension-polyfill": "^0.12.5",
      },
    },
  },
  "packages": {
    "@types/webextension-polyfill": ["@types/webextension-polyfill@0.12.5", "", {}, "sha512-uKSAv6LgcVdINmxXMKBuVIcg/2m5JZugoZO8x20g7j2bXJkPIl/lVGQcDlbV+aXAiTyXT2RA5U5mI4IGCDMQeg=="],

    "webextension-polyfill": ["webextension-polyfill@0.12.0", "", {}, "sha512-97TBmpoWJEE+3nFBQ4VocyCdLKfw54rFaJ6EVQYLBCXqCIpLSZkwGgASpv4oPt9gdKCJ80RJlcmNzNn008Ag6Q=="],
  }
}
