{
  "lockfileVersion": 1,
  "workspaces": {
    "": {
      "dependencies": {
        "@types/webextension-polyfill": "^0.12.3",
      },
    },
  },
  "packages": {
    "@types/webextension-polyfill": ["@types/webextension-polyfill@0.12.3", "", {}, "sha512-F58aDVSeN/MjUGazXo/cPsmR76EvqQhQ1v4x23hFjUX0cfAJYE+JBWwiOGW36/VJGGxoH74sVlRIF3z7SJCKyg=="],
  }
}
